// !$*UTF8*$!
{
	archiveVersion = 1;
	classes = {
	};
	objectVersion = 55;
	objects = {

/* Begin PBXBuildFile section */
		7C3455CE286C3F0F00EAB9D1 /* AppDelegate.swift in Sources */ = {isa = PBXBuildFile; fileRef = 7C3455CD286C3F0F00EAB9D1 /* AppDelegate.swift */; };
		7C3455D0286C3F0F00EAB9D1 /* SceneDelegate.swift in Sources */ = {isa = PBXBuildFile; fileRef = 7C3455CF286C3F0F00EAB9D1 /* SceneDelegate.swift */; };
		7C3455D5286C3F0F00EAB9D1 /* Main.storyboard in Resources */ = {isa = PBXBuildFile; fileRef = 7C3455D3286C3F0F00EAB9D1 /* Main.storyboard */; };
		7C3455D8286C3F0F00EAB9D1 /* MVVM_HotCoffee.xcdatamodeld in Sources */ = {isa = PBXBuildFile; fileRef = 7C3455D6286C3F0F00EAB9D1 /* MVVM_HotCoffee.xcdatamodeld */; };
		7C3455DA286C3F1200EAB9D1 /* Assets.xcassets in Resources */ = {isa = PBXBuildFile; fileRef = 7C3455D9286C3F1200EAB9D1 /* Assets.xcassets */; };
		7C3455DD286C3F1200EAB9D1 /* LaunchScreen.storyboard in Resources */ = {isa = PBXBuildFile; fileRef = 7C3455DB286C3F1200EAB9D1 /* LaunchScreen.storyboard */; };
		7C3455E8286C3F1200EAB9D1 /* MVVM_HotCoffeeTests.swift in Sources */ = {isa = PBXBuildFile; fileRef = 7C3455E7286C3F1200EAB9D1 /* MVVM_HotCoffeeTests.swift */; };
		7C3455F2286C3F1200EAB9D1 /* MVVM_HotCoffeeUITests.swift in Sources */ = {isa = PBXBuildFile; fileRef = 7C3455F1286C3F1200EAB9D1 /* MVVM_HotCoffeeUITests.swift */; };
		7C3455F4286C3F1200EAB9D1 /* MVVM_HotCoffeeUITestsLaunchTests.swift in Sources */ = {isa = PBXBuildFile; fileRef = 7C3455F3286C3F1200EAB9D1 /* MVVM_HotCoffeeUITestsLaunchTests.swift */; };
		7C345602286C40F300EAB9D1 /* OrdersTableViewController.swift in Sources */ = {isa = PBXBuildFile; fileRef = 7C345601286C40F300EAB9D1 /* OrdersTableViewController.swift */; };
		7C345604286C413C00EAB9D1 /* AddOrderViewController.swift in Sources */ = {isa = PBXBuildFile; fileRef = 7C345603286C413C00EAB9D1 /* AddOrderViewController.swift */; };
		7C345607286C606300EAB9D1 /* Webservice.swift in Sources */ = {isa = PBXBuildFile; fileRef = 7C345606286C606300EAB9D1 /* Webservice.swift */; };
		7C34560A286C638600EAB9D1 /* Order.swift in Sources */ = {isa = PBXBuildFile; fileRef = 7C345609286C638600EAB9D1 /* Order.swift */; };
/* End PBXBuildFile section */

/* Begin PBXContainerItemProxy section */
		7C3455E4286C3F1200EAB9D1 /* PBXContainerItemProxy */ = {
			isa = PBXContainerItemProxy;
			containerPortal = 7C3455C2286C3F0F00EAB9D1 /* Project object */;
			proxyType = 1;
			remoteGlobalIDString = 7C3455C9286C3F0F00EAB9D1;
			remoteInfo = "MVVM-HotCoffee";
		};
		7C3455EE286C3F1200EAB9D1 /* PBXContainerItemProxy */ = {
			isa = PBXContainerItemProxy;
			containerPortal = 7C3455C2286C3F0F00EAB9D1 /* Project object */;
			proxyType = 1;
			remoteGlobalIDString = 7C3455C9286C3F0F00EAB9D1;
			remoteInfo = "MVVM-HotCoffee";
		};
/* End PBXContainerItemProxy section */

/* Begin PBXFileReference section */
		7C3455CA286C3F0F00EAB9D1 /* MVVM-HotCoffee.app */ = {isa = PBXFileReference; explicitFileType = wrapper.application; includeInIndex = 0; path = "MVVM-HotCoffee.app"; sourceTree = BUILT_PRODUCTS_DIR; };
		7C3455CD286C3F0F00EAB9D1 /* AppDelegate.swift */ = {isa = PBXFileReference; lastKnownFileType = sourcecode.swift; path = AppDelegate.swift; sourceTree = "<group>"; };
		7C3455CF286C3F0F00EAB9D1 /* SceneDelegate.swift */ = {isa = PBXFileReference; lastKnownFileType = sourcecode.swift; path = SceneDelegate.swift; sourceTree = "<group>"; };
		7C3455D4286C3F0F00EAB9D1 /* Base */ = {isa = PBXFileReference; lastKnownFileType = file.storyboard; name = Base; path = Base.lproj/Main.storyboard; sourceTree = "<group>"; };
		7C3455D7286C3F0F00EAB9D1 /* MVVM_HotCoffee.xcdatamodel */ = {isa = PBXFileReference; lastKnownFileType = wrapper.xcdatamodel; path = MVVM_HotCoffee.xcdatamodel; sourceTree = "<group>"; };
		7C3455D9286C3F1200EAB9D1 /* Assets.xcassets */ = {isa = PBXFileReference; lastKnownFileType = folder.assetcatalog; path = Assets.xcassets; sourceTree = "<group>"; };
		7C3455DC286C3F1200EAB9D1 /* Base */ = {isa = PBXFileReference; lastKnownFileType = file.storyboard; name = Base; path = Base.lproj/LaunchScreen.storyboard; sourceTree = "<group>"; };
		7C3455DE286C3F1200EAB9D1 /* Info.plist */ = {isa = PBXFileReference; lastKnownFileType = text.plist.xml; path = Info.plist; sourceTree = "<group>"; };
		7C3455E3286C3F1200EAB9D1 /* MVVM-HotCoffeeTests.xctest */ = {isa = PBXFileReference; explicitFileType = wrapper.cfbundle; includeInIndex = 0; path = "MVVM-HotCoffeeTests.xctest"; sourceTree = BUILT_PRODUCTS_DIR; };
		7C3455E7286C3F1200EAB9D1 /* MVVM_HotCoffeeTests.swift */ = {isa = PBXFileReference; lastKnownFileType = sourcecode.swift; path = MVVM_HotCoffeeTests.swift; sourceTree = "<group>"; };
		7C3455ED286C3F1200EAB9D1 /* MVVM-HotCoffeeUITests.xctest */ = {isa = PBXFileReference; explicitFileType = wrapper.cfbundle; includeInIndex = 0; path = "MVVM-HotCoffeeUITests.xctest"; sourceTree = BUILT_PRODUCTS_DIR; };
		7C3455F1286C3F1200EAB9D1 /* MVVM_HotCoffeeUITests.swift */ = {isa = PBXFileReference; lastKnownFileType = sourcecode.swift; path = MVVM_HotCoffeeUITests.swift; sourceTree = "<group>"; };
		7C3455F3286C3F1200EAB9D1 /* MVVM_HotCoffeeUITestsLaunchTests.swift */ = {isa = PBXFileReference; lastKnownFileType = sourcecode.swift; path = MVVM_HotCoffeeUITestsLaunchTests.swift; sourceTree = "<group>"; };
		7C345601286C40F300EAB9D1 /* OrdersTableViewController.swift */ = {isa = PBXFileReference; lastKnownFileType = sourcecode.swift; path = OrdersTableViewController.swift; sourceTree = "<group>"; };
		7C345603286C413C00EAB9D1 /* AddOrderViewController.swift */ = {isa = PBXFileReference; lastKnownFileType = sourcecode.swift; path = AddOrderViewController.swift; sourceTree = "<group>"; };
		7C345606286C606300EAB9D1 /* Webservice.swift */ = {isa = PBXFileReference; lastKnownFileType = sourcecode.swift; path = Webservice.swift; sourceTree = "<group>"; };
		7C345609286C638600EAB9D1 /* Order.swift */ = {isa = PBXFileReference; lastKnownFileType = sourcecode.swift; path = Order.swift; sourceTree = "<group>"; };
/* End PBXFileReference section */

/* Begin PBXFrameworksBuildPhase section */
		7C3455C7286C3F0F00EAB9D1 /* Frameworks */ = {
			isa = PBXFrameworksBuildPhase;
			buildActionMask = 2147483647;
			files = (
			);
			runOnlyForDeploymentPostprocessing = 0;
		};
		7C3455E0286C3F1200EAB9D1 /* Frameworks */ = {
			isa = PBXFrameworksBuildPhase;
			buildActionMask = 2147483647;
			files = (
			);
			runOnlyForDeploymentPostprocessing = 0;
		};
		7C3455EA286C3F1200EAB9D1 /* Frameworks */ = {
			isa = PBXFrameworksBuildPhase;
			buildActionMask = 2147483647;
			files = (
			);
			runOnlyForDeploymentPostprocessing = 0;
		};
/* End PBXFrameworksBuildPhase section */

/* Begin PBXGroup section */
		7C3455C1286C3F0F00EAB9D1 = {
			isa = PBXGroup;
			children = (
				7C3455CC286C3F0F00EAB9D1 /* MVVM-HotCoffee */,
				7C3455E6286C3F1200EAB9D1 /* MVVM-HotCoffeeTests */,
				7C3455F0286C3F1200EAB9D1 /* MVVM-HotCoffeeUITests */,
				7C3455CB286C3F0F00EAB9D1 /* Products */,
			);
			sourceTree = "<group>";
		};
		7C3455CB286C3F0F00EAB9D1 /* Products */ = {
			isa = PBXGroup;
			children = (
				7C3455CA286C3F0F00EAB9D1 /* MVVM-HotCoffee.app */,
				7C3455E3286C3F1200EAB9D1 /* MVVM-HotCoffeeTests.xctest */,
				7C3455ED286C3F1200EAB9D1 /* MVVM-HotCoffeeUITests.xctest */,
			);
			name = Products;
			sourceTree = "<group>";
		};
		7C3455CC286C3F0F00EAB9D1 /* MVVM-HotCoffee */ = {
			isa = PBXGroup;
			children = (
				7C345608286C637900EAB9D1 /* Models */,
				7C345605286C605900EAB9D1 /* Services */,
				7C345600286C3F3700EAB9D1 /* Controllers */,
				7C3455CD286C3F0F00EAB9D1 /* AppDelegate.swift */,
				7C3455CF286C3F0F00EAB9D1 /* SceneDelegate.swift */,
				7C3455D3286C3F0F00EAB9D1 /* Main.storyboard */,
				7C3455D9286C3F1200EAB9D1 /* Assets.xcassets */,
				7C3455DB286C3F1200EAB9D1 /* LaunchScreen.storyboard */,
				7C3455DE286C3F1200EAB9D1 /* Info.plist */,
				7C3455D6286C3F0F00EAB9D1 /* MVVM_HotCoffee.xcdatamodeld */,
			);
			path = "MVVM-HotCoffee";
			sourceTree = "<group>";
		};
		7C3455E6286C3F1200EAB9D1 /* MVVM-HotCoffeeTests */ = {
			isa = PBXGroup;
			children = (
				7C3455E7286C3F1200EAB9D1 /* MVVM_HotCoffeeTests.swift */,
			);
			path = "MVVM-HotCoffeeTests";
			sourceTree = "<group>";
		};
		7C3455F0286C3F1200EAB9D1 /* MVVM-HotCoffeeUITests */ = {
			isa = PBXGroup;
			children = (
				7C3455F1286C3F1200EAB9D1 /* MVVM_HotCoffeeUITests.swift */,
				7C3455F3286C3F1200EAB9D1 /* MVVM_HotCoffeeUITestsLaunchTests.swift */,
			);
			path = "MVVM-HotCoffeeUITests";
			sourceTree = "<group>";
		};
		7C345600286C3F3700EAB9D1 /* Controllers */ = {
			isa = PBXGroup;
			children = (
				7C345601286C40F300EAB9D1 /* OrdersTableViewController.swift */,
				7C345603286C413C00EAB9D1 /* AddOrderViewController.swift */,
			);
			path = Controllers;
			sourceTree = "<group>";
		};
		7C345605286C605900EAB9D1 /* Services */ = {
			isa = PBXGroup;
			children = (
				7C345606286C606300EAB9D1 /* Webservice.swift */,
			);
			path = Services;
			sourceTree = "<group>";
		};
		7C345608286C637900EAB9D1 /* Models */ = {
			isa = PBXGroup;
			children = (
				7C345609286C638600EAB9D1 /* Order.swift */,
			);
			path = Models;
			sourceTree = "<group>";
		};
/* End PBXGroup section */

/* Begin PBXNativeTarget section */
		7C3455C9286C3F0F00EAB9D1 /* MVVM-HotCoffee */ = {
			isa = PBXNativeTarget;
			buildConfigurationList = 7C3455F7286C3F1200EAB9D1 /* Build configuration list for PBXNativeTarget "MVVM-HotCoffee" */;
			buildPhases = (
				7C3455C6286C3F0F00EAB9D1 /* Sources */,
				7C3455C7286C3F0F00EAB9D1 /* Frameworks */,
				7C3455C8286C3F0F00EAB9D1 /* Resources */,
			);
			buildRules = (
			);
			dependencies = (
			);
			name = "MVVM-HotCoffee";
			productName = "MVVM-HotCoffee";
			productReference = 7C3455CA286C3F0F00EAB9D1 /* MVVM-HotCoffee.app */;
			productType = "com.apple.product-type.application";
		};
		7C3455E2286C3F1200EAB9D1 /* MVVM-HotCoffeeTests */ = {
			isa = PBXNativeTarget;
			buildConfigurationList = 7C3455FA286C3F1200EAB9D1 /* Build configuration list for PBXNativeTarget "MVVM-HotCoffeeTests" */;
			buildPhases = (
				7C3455DF286C3F1200EAB9D1 /* Sources */,
				7C3455E0286C3F1200EAB9D1 /* Frameworks */,
				7C3455E1286C3F1200EAB9D1 /* Resources */,
			);
			buildRules = (
			);
			dependencies = (
				7C3455E5286C3F1200EAB9D1 /* PBXTargetDependency */,
			);
			name = "MVVM-HotCoffeeTests";
			productName = "MVVM-HotCoffeeTests";
			productReference = 7C3455E3286C3F1200EAB9D1 /* MVVM-HotCoffeeTests.xctest */;
			productType = "com.apple.product-type.bundle.unit-test";
		};
		7C3455EC286C3F1200EAB9D1 /* MVVM-HotCoffeeUITests */ = {
			isa = PBXNativeTarget;
			buildConfigurationList = 7C3455FD286C3F1200EAB9D1 /* Build configuration list for PBXNativeTarget "MVVM-HotCoffeeUITests" */;
			buildPhases = (
				7C3455E9286C3F1200EAB9D1 /* Sources */,
				7C3455EA286C3F1200EAB9D1 /* Frameworks */,
				7C3455EB286C3F1200EAB9D1 /* Resources */,
			);
			buildRules = (
			);
			dependencies = (
				7C3455EF286C3F1200EAB9D1 /* PBXTargetDependency */,
			);
			name = "MVVM-HotCoffeeUITests";
			productName = "MVVM-HotCoffeeUITests";
			productReference = 7C3455ED286C3F1200EAB9D1 /* MVVM-HotCoffeeUITests.xctest */;
			productType = "com.apple.product-type.bundle.ui-testing";
		};
/* End PBXNativeTarget section */

/* Begin PBXProject section */
		7C3455C2286C3F0F00EAB9D1 /* Project object */ = {
			isa = PBXProject;
			attributes = {
				BuildIndependentTargetsInParallel = 1;
				LastSwiftUpdateCheck = 1330;
				LastUpgradeCheck = 1330;
				TargetAttributes = {
					7C3455C9286C3F0F00EAB9D1 = {
						CreatedOnToolsVersion = 13.3.1;
					};
					7C3455E2286C3F1200EAB9D1 = {
						CreatedOnToolsVersion = 13.3.1;
						TestTargetID = 7C3455C9286C3F0F00EAB9D1;
					};
					7C3455EC286C3F1200EAB9D1 = {
						CreatedOnToolsVersion = 13.3.1;
						TestTargetID = 7C3455C9286C3F0F00EAB9D1;
					};
				};
			};
			buildConfigurationList = 7C3455C5286C3F0F00EAB9D1 /* Build configuration list for PBXProject "MVVM-HotCoffee" */;
			compatibilityVersion = "Xcode 13.0";
			developmentRegion = en;
			hasScannedForEncodings = 0;
			knownRegions = (
				en,
				Base,
			);
			mainGroup = 7C3455C1286C3F0F00EAB9D1;
			productRefGroup = 7C3455CB286C3F0F00EAB9D1 /* Products */;
			projectDirPath = "";
			projectRoot = "";
			targets = (
				7C3455C9286C3F0F00EAB9D1 /* MVVM-HotCoffee */,
				7C3455E2286C3F1200EAB9D1 /* MVVM-HotCoffeeTests */,
				7C3455EC286C3F1200EAB9D1 /* MVVM-HotCoffeeUITests */,
			);
		};
/* End PBXProject section */

/* Begin PBXResourcesBuildPhase section */
		7C3455C8286C3F0F00EAB9D1 /* Resources */ = {
			isa = PBXResourcesBuildPhase;
			buildActionMask = 2147483647;
			files = (
				7C3455DD286C3F1200EAB9D1 /* LaunchScreen.storyboard in Resources */,
				7C3455DA286C3F1200EAB9D1 /* Assets.xcassets in Resources */,
				7C3455D5286C3F0F00EAB9D1 /* Main.storyboard in Resources */,
			);
			runOnlyForDeploymentPostprocessing = 0;
		};
		7C3455E1286C3F1200EAB9D1 /* Resources */ = {
			isa = PBXResourcesBuildPhase;
			buildActionMask = 2147483647;
			files = (
			);
			runOnlyForDeploymentPostprocessing = 0;
		};
		7C3455EB286C3F1200EAB9D1 /* Resources */ = {
			isa = PBXResourcesBuildPhase;
			buildActionMask = 2147483647;
			files = (
			);
			runOnlyForDeploymentPostprocessing = 0;
		};
/* End PBXResourcesBuildPhase section */

/* Begin PBXSourcesBuildPhase section */
		7C3455C6286C3F0F00EAB9D1 /* Sources */ = {
			isa = PBXSourcesBuildPhase;
			buildActionMask = 2147483647;
			files = (
				7C345602286C40F300EAB9D1 /* OrdersTableViewController.swift in Sources */,
				7C3455CE286C3F0F00EAB9D1 /* AppDelegate.swift in Sources */,
				7C345607286C606300EAB9D1 /* Webservice.swift in Sources */,
				7C345604286C413C00EAB9D1 /* AddOrderViewController.swift in Sources */,
				7C3455D0286C3F0F00EAB9D1 /* SceneDelegate.swift in Sources */,
				7C3455D8286C3F0F00EAB9D1 /* MVVM_HotCoffee.xcdatamodeld in Sources */,
				7C34560A286C638600EAB9D1 /* Order.swift in Sources */,
			);
			runOnlyForDeploymentPostprocessing = 0;
		};
		7C3455DF286C3F1200EAB9D1 /* Sources */ = {
			isa = PBXSourcesBuildPhase;
			buildActionMask = 2147483647;
			files = (
				7C3455E8286C3F1200EAB9D1 /* MVVM_HotCoffeeTests.swift in Sources */,
			);
			runOnlyForDeploymentPostprocessing = 0;
		};
		7C3455E9286C3F1200EAB9D1 /* Sources */ = {
			isa = PBXSourcesBuildPhase;
			buildActionMask = 2147483647;
			files = (
				7C3455F4286C3F1200EAB9D1 /* MVVM_HotCoffeeUITestsLaunchTests.swift in Sources */,
				7C3455F2286C3F1200EAB9D1 /* MVVM_HotCoffeeUITests.swift in Sources */,
			);
			runOnlyForDeploymentPostprocessing = 0;
		};
/* End PBXSourcesBuildPhase section */

/* Begin PBXTargetDependency section */
		7C3455E5286C3F1200EAB9D1 /* PBXTargetDependency */ = {
			isa = PBXTargetDependency;
			target = 7C3455C9286C3F0F00EAB9D1 /* MVVM-HotCoffee */;
			targetProxy = 7C3455E4286C3F1200EAB9D1 /* PBXContainerItemProxy */;
		};
		7C3455EF286C3F1200EAB9D1 /* PBXTargetDependency */ = {
			isa = PBXTargetDependency;
			target = 7C3455C9286C3F0F00EAB9D1 /* MVVM-HotCoffee */;
			targetProxy = 7C3455EE286C3F1200EAB9D1 /* PBXContainerItemProxy */;
		};
/* End PBXTargetDependency section */

/* Begin PBXVariantGroup section */
		7C3455D3286C3F0F00EAB9D1 /* Main.storyboard */ = {
			isa = PBXVariantGroup;
			children = (
				7C3455D4286C3F0F00EAB9D1 /* Base */,
			);
			name = Main.storyboard;
			sourceTree = "<group>";
		};
		7C3455DB286C3F1200EAB9D1 /* LaunchScreen.storyboard */ = {
			isa = PBXVariantGroup;
			children = (
				7C3455DC286C3F1200EAB9D1 /* Base */,
			);
			name = LaunchScreen.storyboard;
			sourceTree = "<group>";
		};
/* End PBXVariantGroup section */

/* Begin XCBuildConfiguration section */
		7C3455F5286C3F1200EAB9D1 /* Debug */ = {
			isa = XCBuildConfiguration;
			buildSettings = {
				ALWAYS_SEARCH_USER_PATHS = NO;
				CLANG_ANALYZER_NONNULL = YES;
				CLANG_ANALYZER_NUMBER_OBJECT_CONVERSION = YES_AGGRESSIVE;
				CLANG_CXX_LANGUAGE_STANDARD = "gnu++17";
				CLANG_ENABLE_MODULES = YES;
				CLANG_ENABLE_OBJC_ARC = YES;
				CLANG_ENABLE_OBJC_WEAK = YES;
				CLANG_WARN_BLOCK_CAPTURE_AUTORELEASING = YES;
				CLANG_WARN_BOOL_CONVERSION = YES;
				CLANG_WARN_COMMA = YES;
				CLANG_WARN_CONSTANT_CONVERSION = YES;
				CLANG_WARN_DEPRECATED_OBJC_IMPLEMENTATIONS = YES;
				CLANG_WARN_DIRECT_OBJC_ISA_USAGE = YES_ERROR;
				CLANG_WARN_DOCUMENTATION_COMMENTS = YES;
				CLANG_WARN_EMPTY_BODY = YES;
				CLANG_WARN_ENUM_CONVERSION = YES;
				CLANG_WARN_INFINITE_RECURSION = YES;
				CLANG_WARN_INT_CONVERSION = YES;
				CLANG_WARN_NON_LITERAL_NULL_CONVERSION = YES;
				CLANG_WARN_OBJC_IMPLICIT_RETAIN_SELF = YES;
				CLANG_WARN_OBJC_LITERAL_CONVERSION = YES;
				CLANG_WARN_OBJC_ROOT_CLASS = YES_ERROR;
				CLANG_WARN_QUOTED_INCLUDE_IN_FRAMEWORK_HEADER = YES;
				CLANG_WARN_RANGE_LOOP_ANALYSIS = YES;
				CLANG_WARN_STRICT_PROTOTYPES = YES;
				CLANG_WARN_SUSPICIOUS_MOVE = YES;
				CLANG_WARN_UNGUARDED_AVAILABILITY = YES_AGGRESSIVE;
				CLANG_WARN_UNREACHABLE_CODE = YES;
				CLANG_WARN__DUPLICATE_METHOD_MATCH = YES;
				COPY_PHASE_STRIP = NO;
				DEBUG_INFORMATION_FORMAT = dwarf;
				ENABLE_STRICT_OBJC_MSGSEND = YES;
				ENABLE_TESTABILITY = YES;
				GCC_C_LANGUAGE_STANDARD = gnu11;
				GCC_DYNAMIC_NO_PIC = NO;
				GCC_NO_COMMON_BLOCKS = YES;
				GCC_OPTIMIZATION_LEVEL = 0;
				GCC_PREPROCESSOR_DEFINITIONS = (
					"DEBUG=1",
					"$(inherited)",
				);
				GCC_WARN_64_TO_32_BIT_CONVERSION = YES;
				GCC_WARN_ABOUT_RETURN_TYPE = YES_ERROR;
				GCC_WARN_UNDECLARED_SELECTOR = YES;
				GCC_WARN_UNINITIALIZED_AUTOS = YES_AGGRESSIVE;
				GCC_WARN_UNUSED_FUNCTION = YES;
				GCC_WARN_UNUSED_VARIABLE = YES;
				IPHONEOS_DEPLOYMENT_TARGET = 15.4;
				MTL_ENABLE_DEBUG_INFO = INCLUDE_SOURCE;
				MTL_FAST_MATH = YES;
				ONLY_ACTIVE_ARCH = YES;
				SDKROOT = iphoneos;
				SWIFT_ACTIVE_COMPILATION_CONDITIONS = DEBUG;
				SWIFT_OPTIMIZATION_LEVEL = "-Onone";
			};
			name = Debug;
		};
		7C3455F6286C3F1200EAB9D1 /* Release */ = {
			isa = XCBuildConfiguration;
			buildSettings = {
				ALWAYS_SEARCH_USER_PATHS = NO;
				CLANG_ANALYZER_NONNULL = YES;
				CLANG_ANALYZER_NUMBER_OBJECT_CONVERSION = YES_AGGRESSIVE;
				CLANG_CXX_LANGUAGE_STANDARD = "gnu++17";
				CLANG_ENABLE_MODULES = YES;
				CLANG_ENABLE_OBJC_ARC = YES;
				CLANG_ENABLE_OBJC_WEAK = YES;
				CLANG_WARN_BLOCK_CAPTURE_AUTORELEASING = YES;
				CLANG_WARN_BOOL_CONVERSION = YES;
				CLANG_WARN_COMMA = YES;
				CLANG_WARN_CONSTANT_CONVERSION = YES;
				CLANG_WARN_DEPRECATED_OBJC_IMPLEMENTATIONS = YES;
				CLANG_WARN_DIRECT_OBJC_ISA_USAGE = YES_ERROR;
				CLANG_WARN_DOCUMENTATION_COMMENTS = YES;
				CLANG_WARN_EMPTY_BODY = YES;
				CLANG_WARN_ENUM_CONVERSION = YES;
				CLANG_WARN_INFINITE_RECURSION = YES;
				CLANG_WARN_INT_CONVERSION = YES;
				CLANG_WARN_NON_LITERAL_NULL_CONVERSION = YES;
				CLANG_WARN_OBJC_IMPLICIT_RETAIN_SELF = YES;
				CLANG_WARN_OBJC_LITERAL_CONVERSION = YES;
				CLANG_WARN_OBJC_ROOT_CLASS = YES_ERROR;
				CLANG_WARN_QUOTED_INCLUDE_IN_FRAMEWORK_HEADER = YES;
				CLANG_WARN_RANGE_LOOP_ANALYSIS = YES;
				CLANG_WARN_STRICT_PROTOTYPES = YES;
				CLANG_WARN_SUSPICIOUS_MOVE = YES;
				CLANG_WARN_UNGUARDED_AVAILABILITY = YES_AGGRESSIVE;
				CLANG_WARN_UNREACHABLE_CODE = YES;
				CLANG_WARN__DUPLICATE_METHOD_MATCH = YES;
				COPY_PHASE_STRIP = NO;
				DEBUG_INFORMATION_FORMAT = "dwarf-with-dsym";
				ENABLE_NS_ASSERTIONS = NO;
				ENABLE_STRICT_OBJC_MSGSEND = YES;
				GCC_C_LANGUAGE_STANDARD = gnu11;
				GCC_NO_COMMON_BLOCKS = YES;
				GCC_WARN_64_TO_32_BIT_CONVERSION = YES;
				GCC_WARN_ABOUT_RETURN_TYPE = YES_ERROR;
				GCC_WARN_UNDECLARED_SELECTOR = YES;
				GCC_WARN_UNINITIALIZED_AUTOS = YES_AGGRESSIVE;
				GCC_WARN_UNUSED_FUNCTION = YES;
				GCC_WARN_UNUSED_VARIABLE = YES;
				IPHONEOS_DEPLOYMENT_TARGET = 15.4;
				MTL_ENABLE_DEBUG_INFO = NO;
				MTL_FAST_MATH = YES;
				SDKROOT = iphoneos;
				SWIFT_COMPILATION_MODE = wholemodule;
				SWIFT_OPTIMIZATION_LEVEL = "-O";
				VALIDATE_PRODUCT = YES;
			};
			name = Release;
		};
		7C3455F8286C3F1200EAB9D1 /* Debug */ = {
			isa = XCBuildConfiguration;
			buildSettings = {
				ASSETCATALOG_COMPILER_APPICON_NAME = AppIcon;
				ASSETCATALOG_COMPILER_GLOBAL_ACCENT_COLOR_NAME = AccentColor;
				CODE_SIGN_STYLE = Automatic;
				CURRENT_PROJECT_VERSION = 1;
				GENERATE_INFOPLIST_FILE = YES;
				INFOPLIST_FILE = "MVVM-HotCoffee/Info.plist";
				INFOPLIST_KEY_UIApplicationSupportsIndirectInputEvents = YES;
				INFOPLIST_KEY_UILaunchStoryboardName = LaunchScreen;
				INFOPLIST_KEY_UIMainStoryboardFile = Main;
				INFOPLIST_KEY_UISupportedInterfaceOrientations_iPad = "UIInterfaceOrientationPortrait UIInterfaceOrientationPortraitUpsideDown UIInterfaceOrientationLandscapeLeft UIInterfaceOrientationLandscapeRight";
				INFOPLIST_KEY_UISupportedInterfaceOrientations_iPhone = "UIInterfaceOrientationPortrait UIInterfaceOrientationLandscapeLeft UIInterfaceOrientationLandscapeRight";
				LD_RUNPATH_SEARCH_PATHS = (
					"$(inherited)",
					"@executable_path/Frameworks",
				);
				MARKETING_VERSION = 1.0;
				PRODUCT_BUNDLE_IDENTIFIER = "info.MVVM-HotCoffee";
				PRODUCT_NAME = "$(TARGET_NAME)";
				SWIFT_EMIT_LOC_STRINGS = YES;
				SWIFT_VERSION = 5.0;
				TARGETED_DEVICE_FAMILY = "1,2";
			};
			name = Debug;
		};
		7C3455F9286C3F1200EAB9D1 /* Release */ = {
			isa = XCBuildConfiguration;
			buildSettings = {
				ASSETCATALOG_COMPILER_APPICON_NAME = AppIcon;
				ASSETCATALOG_COMPILER_GLOBAL_ACCENT_COLOR_NAME = AccentColor;
				CODE_SIGN_STYLE = Automatic;
				CURRENT_PROJECT_VERSION = 1;
				GENERATE_INFOPLIST_FILE = YES;
				INFOPLIST_FILE = "MVVM-HotCoffee/Info.plist";
				INFOPLIST_KEY_UIApplicationSupportsIndirectInputEvents = YES;
				INFOPLIST_KEY_UILaunchStoryboardName = LaunchScreen;
				INFOPLIST_KEY_UIMainStoryboardFile = Main;
				INFOPLIST_KEY_UISupportedInterfaceOrientations_iPad = "UIInterfaceOrientationPortrait UIInterfaceOrientationPortraitUpsideDown UIInterfaceOrientationLandscapeLeft UIInterfaceOrientationLandscapeRight";
				INFOPLIST_KEY_UISupportedInterfaceOrientations_iPhone = "UIInterfaceOrientationPortrait UIInterfaceOrientationLandscapeLeft UIInterfaceOrientationLandscapeRight";
				LD_RUNPATH_SEARCH_PATHS = (
					"$(inherited)",
					"@executable_path/Frameworks",
				);
				MARKETING_VERSION = 1.0;
				PRODUCT_BUNDLE_IDENTIFIER = "info.MVVM-HotCoffee";
				PRODUCT_NAME = "$(TARGET_NAME)";
				SWIFT_EMIT_LOC_STRINGS = YES;
				SWIFT_VERSION = 5.0;
				TARGETED_DEVICE_FAMILY = "1,2";
			};
			name = Release;
		};
		7C3455FB286C3F1200EAB9D1 /* Debug */ = {
			isa = XCBuildConfiguration;
			buildSettings = {
				ALWAYS_EMBED_SWIFT_STANDARD_LIBRARIES = YES;
				BUNDLE_LOADER = "$(TEST_HOST)";
				CODE_SIGN_STYLE = Automatic;
				CURRENT_PROJECT_VERSION = 1;
				GENERATE_INFOPLIST_FILE = YES;
				IPHONEOS_DEPLOYMENT_TARGET = 15.4;
				MARKETING_VERSION = 1.0;
				PRODUCT_BUNDLE_IDENTIFIER = "info.MVVM-HotCoffeeTests";
				PRODUCT_NAME = "$(TARGET_NAME)";
				SWIFT_EMIT_LOC_STRINGS = NO;
				SWIFT_VERSION = 5.0;
				TARGETED_DEVICE_FAMILY = "1,2";
				TEST_HOST = "$(BUILT_PRODUCTS_DIR)/MVVM-HotCoffee.app/MVVM-HotCoffee";
			};
			name = Debug;
		};
		7C3455FC286C3F1200EAB9D1 /* Release */ = {
			isa = XCBuildConfiguration;
			buildSettings = {
				ALWAYS_EMBED_SWIFT_STANDARD_LIBRARIES = YES;
				BUNDLE_LOADER = "$(TEST_HOST)";
				CODE_SIGN_STYLE = Automatic;
				CURRENT_PROJECT_VERSION = 1;
				GENERATE_INFOPLIST_FILE = YES;
				IPHONEOS_DEPLOYMENT_TARGET = 15.4;
				MARKETING_VERSION = 1.0;
				PRODUCT_BUNDLE_IDENTIFIER = "info.MVVM-HotCoffeeTests";
				PRODUCT_NAME = "$(TARGET_NAME)";
				SWIFT_EMIT_LOC_STRINGS = NO;
				SWIFT_VERSION = 5.0;
				TARGETED_DEVICE_FAMILY = "1,2";
				TEST_HOST = "$(BUILT_PRODUCTS_DIR)/MVVM-HotCoffee.app/MVVM-HotCoffee";
			};
			name = Release;
		};
		7C3455FE286C3F1200EAB9D1 /* Debug */ = {
			isa = XCBuildConfiguration;
			buildSettings = {
				ALWAYS_EMBED_SWIFT_STANDARD_LIBRARIES = YES;
				CODE_SIGN_STYLE = Automatic;
				CURRENT_PROJECT_VERSION = 1;
				GENERATE_INFOPLIST_FILE = YES;
				MARKETING_VERSION = 1.0;
				PRODUCT_BUNDLE_IDENTIFIER = "info.MVVM-HotCoffeeUITests";
				PRODUCT_NAME = "$(TARGET_NAME)";
				SWIFT_EMIT_LOC_STRINGS = NO;
				SWIFT_VERSION = 5.0;
				TARGETED_DEVICE_FAMILY = "1,2";
				TEST_TARGET_NAME = "MVVM-HotCoffee";
			};
			name = Debug;
		};
		7C3455FF286C3F1200EAB9D1 /* Release */ = {
			isa = XCBuildConfiguration;
			buildSettings = {
				ALWAYS_EMBED_SWIFT_STANDARD_LIBRARIES = YES;
				CODE_SIGN_STYLE = Automatic;
				CURRENT_PROJECT_VERSION = 1;
				GENERATE_INFOPLIST_FILE = YES;
				MARKETING_VERSION = 1.0;
				PRODUCT_BUNDLE_IDENTIFIER = "info.MVVM-HotCoffeeUITests";
				PRODUCT_NAME = "$(TARGET_NAME)";
				SWIFT_EMIT_LOC_STRINGS = NO;
				SWIFT_VERSION = 5.0;
				TARGETED_DEVICE_FAMILY = "1,2";
				TEST_TARGET_NAME = "MVVM-HotCoffee";
			};
			name = Release;
		};
/* End XCBuildConfiguration section */

/* Begin XCConfigurationList section */
		7C3455C5286C3F0F00EAB9D1 /* Build configuration list for PBXProject "MVVM-HotCoffee" */ = {
			isa = XCConfigurationList;
			buildConfigurations = (
				7C3455F5286C3F1200EAB9D1 /* Debug */,
				7C3455F6286C3F1200EAB9D1 /* Release */,
			);
			defaultConfigurationIsVisible = 0;
			defaultConfigurationName = Release;
		};
		7C3455F7286C3F1200EAB9D1 /* Build configuration list for PBXNativeTarget "MVVM-HotCoffee" */ = {
			isa = XCConfigurationList;
			buildConfigurations = (
				7C3455F8286C3F1200EAB9D1 /* Debug */,
				7C3455F9286C3F1200EAB9D1 /* Release */,
			);
			defaultConfigurationIsVisible = 0;
			defaultConfigurationName = Release;
		};
		7C3455FA286C3F1200EAB9D1 /* Build configuration list for PBXNativeTarget "MVVM-HotCoffeeTests" */ = {
			isa = XCConfigurationList;
			buildConfigurations = (
				7C3455FB286C3F1200EAB9D1 /* Debug */,
				7C3455FC286C3F1200EAB9D1 /* Release */,
			);
			defaultConfigurationIsVisible = 0;
			defaultConfigurationName = Release;
		};
		7C3455FD286C3F1200EAB9D1 /* Build configuration list for PBXNativeTarget "MVVM-HotCoffeeUITests" */ = {
			isa = XCConfigurationList;
			buildConfigurations = (
				7C3455FE286C3F1200EAB9D1 /* Debug */,
				7C3455FF286C3F1200EAB9D1 /* Release */,
			);
			defaultConfigurationIsVisible = 0;
			defaultConfigurationName = Release;
		};
/* End XCConfigurationList section */

/* Begin XCVersionGroup section */
		7C3455D6286C3F0F00EAB9D1 /* MVVM_HotCoffee.xcdatamodeld */ = {
			isa = XCVersionGroup;
			children = (
				7C3455D7286C3F0F00EAB9D1 /* MVVM_HotCoffee.xcdatamodel */,
			);
			currentVersion = 7C3455D7286C3F0F00EAB9D1 /* MVVM_HotCoffee.xcdatamodel */;
			path = MVVM_HotCoffee.xcdatamodeld;
			sourceTree = "<group>";
			versionGroupType = wrapper.xcdatamodel;
		};
/* End XCVersionGroup section */
	};
	rootObject = 7C3455C2286C3F0F00EAB9D1 /* Project object */;
}
